// !$*UTF8*$!
{
	archiveVersion = 1;
	classes = {
	};
	objectVersion = 46;
	objects = {

/* Begin PBXBuildFile section */
		552B38941F33A03F0041E89D /* AppDelegate.swift in Sources */ = {isa = PBXBuildFile; fileRef = 552B38931F33A03F0041E89D /* AppDelegate.swift */; };
		552B38961F33A03F0041E89D /* ViewController.swift in Sources */ = {isa = PBXBuildFile; fileRef = 552B38951F33A03F0041E89D /* ViewController.swift */; };
		552B38991F33A03F0041E89D /* Main.storyboard in Resources */ = {isa = PBXBuildFile; fileRef = 552B38971F33A03F0041E89D /* Main.storyboard */; };
		552B389B1F33A03F0041E89D /* Assets.xcassets in Resources */ = {isa = PBXBuildFile; fileRef = 552B389A1F33A03F0041E89D /* Assets.xcassets */; };
		552B389E1F33A03F0041E89D /* LaunchScreen.storyboard in Resources */ = {isa = PBXBuildFile; fileRef = 552B389C1F33A03F0041E89D /* LaunchScreen.storyboard */; };
		55655EDE1F3775FA0083EEF4 /* button.wav in Resources */ = {isa = PBXBuildFile; fileRef = 55655EDD1F3775FA0083EEF4 /* button.wav */; };
		55655EE01F37790D0083EEF4 /* Ta Da.wav in Resources */ = {isa = PBXBuildFile; fileRef = 55655EDF1F37790D0083EEF4 /* Ta Da.wav */; };
		55655EE21F3779140083EEF4 /* Grenade.wav in Resources */ = {isa = PBXBuildFile; fileRef = 55655EE11F3779140083EEF4 /* Grenade.wav */; };
/* End PBXBuildFile section */

/* Begin PBXFileReference section */
		552B38901F33A03F0041E89D /* War.app */ = {isa = PBXFileReference; explicitFileType = wrapper.application; includeInIndex = 0; path = War.app; sourceTree = BUILT_PRODUCTS_DIR; };
		552B38931F33A03F0041E89D /* AppDelegate.swift */ = {isa = PBXFileReference; lastKnownFileType = sourcecode.swift; path = AppDelegate.swift; sourceTree = "<group>"; };
		552B38951F33A03F0041E89D /* ViewController.swift */ = {isa = PBXFileReference; lastKnownFileType = sourcecode.swift; path = ViewController.swift; sourceTree = "<group>"; };
		552B38981F33A03F0041E89D /* Base */ = {isa = PBXFileReference; lastKnownFileType = file.storyboard; name = Base; path = Base.lproj/Main.storyboard; sourceTree = "<group>"; };
		552B389A1F33A03F0041E89D /* Assets.xcassets */ = {isa = PBXFileReference; lastKnownFileType = folder.assetcatalog; path = Assets.xcassets; sourceTree = "<group>"; };
		552B389D1F33A03F0041E89D /* Base */ = {isa = PBXFileReference; lastKnownFileType = file.storyboard; name = Base; path = Base.lproj/LaunchScreen.storyboard; sourceTree = "<group>"; };
		552B389F1F33A03F0041E89D /* Info.plist */ = {isa = PBXFileReference; lastKnownFileType = text.plist.xml; path = Info.plist; sourceTree = "<group>"; };
		55655EDD1F3775FA0083EEF4 /* button.wav */ = {isa = PBXFileReference; lastKnownFileType = audio.wav; path = button.wav; sourceTree = "<group>"; };
		55655EDF1F37790D0083EEF4 /* Ta Da.wav */ = {isa = PBXFileReference; lastKnownFileType = audio.wav; path = "Ta Da.wav"; sourceTree = "<group>"; };
		55655EE11F3779140083EEF4 /* Grenade.wav */ = {isa = PBXFileReference; lastKnownFileType = audio.wav; path = Grenade.wav; sourceTree = "<group>"; };
/* End PBXFileReference section */

/* Begin PBXFrameworksBuildPhase section */
		552B388D1F33A03F0041E89D /* Frameworks */ = {
			isa = PBXFrameworksBuildPhase;
			buildActionMask = 2147483647;
			files = (
			);
			runOnlyForDeploymentPostprocessing = 0;
		};
/* End PBXFrameworksBuildPhase section */

/* Begin PBXGroup section */
		552B38871F33A03F0041E89D = {
			isa = PBXGroup;
			children = (
				552B38921F33A03F0041E89D /* War */,
				552B38911F33A03F0041E89D /* Products */,
			);
			sourceTree = "<group>";
		};
		552B38911F33A03F0041E89D /* Products */ = {
			isa = PBXGroup;
			children = (
				552B38901F33A03F0041E89D /* War.app */,
			);
			name = Products;
			sourceTree = "<group>";
		};
		552B38921F33A03F0041E89D /* War */ = {
			isa = PBXGroup;
			children = (
				552B38931F33A03F0041E89D /* AppDelegate.swift */,
				552B38951F33A03F0041E89D /* ViewController.swift */,
				552B38971F33A03F0041E89D /* Main.storyboard */,
				552B389A1F33A03F0041E89D /* Assets.xcassets */,
				552B389C1F33A03F0041E89D /* LaunchScreen.storyboard */,
				55655EDD1F3775FA0083EEF4 /* button.wav */,
				55655EDF1F37790D0083EEF4 /* Ta Da.wav */,
				55655EE11F3779140083EEF4 /* Grenade.wav */,
				552B389F1F33A03F0041E89D /* Info.plist */,
			);
			path = War;
			sourceTree = "<group>";
		};
/* End PBXGroup section */

/* Begin PBXNativeTarget section */
		552B388F1F33A03F0041E89D /* War */ = {
			isa = PBXNativeTarget;
			buildConfigurationList = 552B38A21F33A03F0041E89D /* Build configuration list for PBXNativeTarget "War" */;
			buildPhases = (
				552B388C1F33A03F0041E89D /* Sources */,
				552B388D1F33A03F0041E89D /* Frameworks */,
				552B388E1F33A03F0041E89D /* Resources */,
			);
			buildRules = (
			);
			dependencies = (
			);
			name = War;
			productName = War;
			productReference = 552B38901F33A03F0041E89D /* War.app */;
			productType = "com.apple.product-type.application";
		};
/* End PBXNativeTarget section */

/* Begin PBXProject section */
		552B38881F33A03F0041E89D /* Project object */ = {
			isa = PBXProject;
			attributes = {
				LastSwiftUpdateCheck = 0810;
				LastUpgradeCheck = 0810;
				ORGANIZATIONNAME = "Yulya Vasilyeva";
				TargetAttributes = {
					552B388F1F33A03F0041E89D = {
						CreatedOnToolsVersion = 8.1;
						ProvisioningStyle = Automatic;
					};
				};
			};
			buildConfigurationList = 552B388B1F33A03F0041E89D /* Build configuration list for PBXProject "War" */;
			compatibilityVersion = "Xcode 3.2";
			developmentRegion = English;
			hasScannedForEncodings = 0;
			knownRegions = (
				en,
				Base,
			);
			mainGroup = 552B38871F33A03F0041E89D;
			productRefGroup = 552B38911F33A03F0041E89D /* Products */;
			projectDirPath = "";
			projectRoot = "";
			targets = (
				552B388F1F33A03F0041E89D /* War */,
			);
		};
/* End PBXProject section */

/* Begin PBXResourcesBuildPhase section */
		552B388E1F33A03F0041E89D /* Resources */ = {
			isa = PBXResourcesBuildPhase;
			buildActionMask = 2147483647;
			files = (
				552B389E1F33A03F0041E89D /* LaunchScreen.storyboard in Resources */,
				55655EE01F37790D0083EEF4 /* Ta Da.wav in Resources */,
				55655EE21F3779140083EEF4 /* Grenade.wav in Resources */,
				552B389B1F33A03F0041E89D /* Assets.xcassets in Resources */,
				55655EDE1F3775FA0083EEF4 /* button.wav in Resources */,
				552B38991F33A03F0041E89D /* Main.storyboard in Resources */,
			);
			runOnlyForDeploymentPostprocessing = 0;
		};
/* End PBXResourcesBuildPhase section */

/* Begin PBXSourcesBuildPhase section */
		552B388C1F33A03F0041E89D /* Sources */ = {
			isa = PBXSourcesBuildPhase;
			buildActionMask = 2147483647;
			files = (
				552B38961F33A03F0041E89D /* ViewController.swift in Sources */,
				552B38941F33A03F0041E89D /* AppDelegate.swift in Sources */,
			);
			runOnlyForDeploymentPostprocessing = 0;
		};
/* End PBXSourcesBuildPhase section */

/* Begin PBXVariantGroup section */
		552B38971F33A03F0041E89D /* Main.storyboard */ = {
			isa = PBXVariantGroup;
			children = (
				552B38981F33A03F0041E89D /* Base */,
			);
			name = Main.storyboard;
			sourceTree = "<group>";
		};
		552B389C1F33A03F0041E89D /* LaunchScreen.storyboard */ = {
			isa = PBXVariantGroup;
			children = (
				552B389D1F33A03F0041E89D /* Base */,
			);
			name = LaunchScreen.storyboard;
			sourceTree = "<group>";
		};
/* End PBXVariantGroup section */

/* Begin XCBuildConfiguration section */
		552B38A01F33A03F0041E89D /* Debug */ = {
			isa = XCBuildConfiguration;
			buildSettings = {
				ALWAYS_SEARCH_USER_PATHS = NO;
				CLANG_ANALYZER_NONNULL = YES;
				CLANG_CXX_LANGUAGE_STANDARD = "gnu++0x";
				CLANG_CXX_LIBRARY = "libc++";
				CLANG_ENABLE_MODULES = YES;
				CLANG_ENABLE_OBJC_ARC = YES;
				CLANG_WARN_BOOL_CONVERSION = YES;
				CLANG_WARN_CONSTANT_CONVERSION = YES;
				CLANG_WARN_DIRECT_OBJC_ISA_USAGE = YES_ERROR;
				CLANG_WARN_DOCUMENTATION_COMMENTS = YES;
				CLANG_WARN_EMPTY_BODY = YES;
				CLANG_WARN_ENUM_CONVERSION = YES;
				CLANG_WARN_INFINITE_RECURSION = YES;
				CLANG_WARN_INT_CONVERSION = YES;
				CLANG_WARN_OBJC_ROOT_CLASS = YES_ERROR;
				CLANG_WARN_SUSPICIOUS_MOVES = YES;
				CLANG_WARN_UNREACHABLE_CODE = YES;
				CLANG_WARN__DUPLICATE_METHOD_MATCH = YES;
				"CODE_SIGN_IDENTITY[sdk=iphoneos*]" = "iPhone Developer";
				COPY_PHASE_STRIP = NO;
				DEBUG_INFORMATION_FORMAT = dwarf;
				ENABLE_STRICT_OBJC_MSGSEND = YES;
				ENABLE_TESTABILITY = YES;
				GCC_C_LANGUAGE_STANDARD = gnu99;
				GCC_DYNAMIC_NO_PIC = NO;
				GCC_NO_COMMON_BLOCKS = YES;
				GCC_OPTIMIZATION_LEVEL = 0;
				GCC_PREPROCESSOR_DEFINITIONS = (
					"DEBUG=1",
					"$(inherited)",
				);
				GCC_WARN_64_TO_32_BIT_CONVERSION = YES;
				GCC_WARN_ABOUT_RETURN_TYPE = YES_ERROR;
				GCC_WARN_UNDECLARED_SELECTOR = YES;
				GCC_WARN_UNINITIALIZED_AUTOS = YES_AGGRESSIVE;
				GCC_WARN_UNUSED_FUNCTION = YES;
				GCC_WARN_UNUSED_VARIABLE = YES;
				IPHONEOS_DEPLOYMENT_TARGET = 10.1;
				MTL_ENABLE_DEBUG_INFO = YES;
				ONLY_ACTIVE_ARCH = YES;
				SDKROOT = iphoneos;
				SWIFT_ACTIVE_COMPILATION_CONDITIONS = DEBUG;
				SWIFT_OPTIMIZATION_LEVEL = "-Onone";
			};
			name = Debug;
		};
		552B38A11F33A03F0041E89D /* Release */ = {
			isa = XCBuildConfiguration;
			buildSettings = {
				ALWAYS_SEARCH_USER_PATHS = NO;
				CLANG_ANALYZER_NONNULL = YES;
				CLANG_CXX_LANGUAGE_STANDARD = "gnu++0x";
				CLANG_CXX_LIBRARY = "libc++";
				CLANG_ENABLE_MODULES = YES;
				CLANG_ENABLE_OBJC_ARC = YES;
				CLANG_WARN_BOOL_CONVERSION = YES;
				CLANG_WARN_CONSTANT_CONVERSION = YES;
				CLANG_WARN_DIRECT_OBJC_ISA_USAGE = YES_ERROR;
				CLANG_WARN_DOCUMENTATION_COMMENTS = YES;
				CLANG_WARN_EMPTY_BODY = YES;
				CLANG_WARN_ENUM_CONVERSION = YES;
				CLANG_WARN_INFINITE_RECURSION = YES;
				CLANG_WARN_INT_CONVERSION = YES;
				CLANG_WARN_OBJC_ROOT_CLASS = YES_ERROR;
				CLANG_WARN_SUSPICIOUS_MOVES = YES;
				CLANG_WARN_UNREACHABLE_CODE = YES;
				CLANG_WARN__DUPLICATE_METHOD_MATCH = YES;
				"CODE_SIGN_IDENTITY[sdk=iphoneos*]" = "iPhone Developer";
				COPY_PHASE_STRIP = NO;
				DEBUG_INFORMATION_FORMAT = "dwarf-with-dsym";
				ENABLE_NS_ASSERTIONS = NO;
				ENABLE_STRICT_OBJC_MSGSEND = YES;
				GCC_C_LANGUAGE_STANDARD = gnu99;
				GCC_NO_COMMON_BLOCKS = YES;
				GCC_WARN_64_TO_32_BIT_CONVERSION = YES;
				GCC_WARN_ABOUT_RETURN_TYPE = YES_ERROR;
				GCC_WARN_UNDECLARED_SELECTOR = YES;
				GCC_WARN_UNINITIALIZED_AUTOS = YES_AGGRESSIVE;
				GCC_WARN_UNUSED_FUNCTION = YES;
				GCC_WARN_UNUSED_VARIABLE = YES;
				IPHONEOS_DEPLOYMENT_TARGET = 10.1;
				MTL_ENABLE_DEBUG_INFO = NO;
				SDKROOT = iphoneos;
				SWIFT_OPTIMIZATION_LEVEL = "-Owholemodule";
				VALIDATE_PRODUCT = YES;
			};
			name = Release;
		};
		552B38A31F33A03F0041E89D /* Debug */ = {
			isa = XCBuildConfiguration;
			buildSettings = {
				ASSETCATALOG_COMPILER_APPICON_NAME = AppIcon;
				INFOPLIST_FILE = War/Info.plist;
				LD_RUNPATH_SEARCH_PATHS = "$(inherited) @executable_path/Frameworks";
				PRODUCT_BUNDLE_IDENTIFIER = tagea.War;
				PRODUCT_NAME = "$(TARGET_NAME)";
				SWIFT_VERSION = 3.0;
			};
			name = Debug;
		};
		552B38A41F33A03F0041E89D /* Release */ = {
			isa = XCBuildConfiguration;
			buildSettings = {
				ASSETCATALOG_COMPILER_APPICON_NAME = AppIcon;
				INFOPLIST_FILE = War/Info.plist;
				LD_RUNPATH_SEARCH_PATHS = "$(inherited) @executable_path/Frameworks";
				PRODUCT_BUNDLE_IDENTIFIER = tagea.War;
				PRODUCT_NAME = "$(TARGET_NAME)";
				SWIFT_VERSION = 3.0;
			};
			name = Release;
		};
/* End XCBuildConfiguration section */

/* Begin XCConfigurationList section */
		552B388B1F33A03F0041E89D /* Build configuration list for PBXProject "War" */ = {
			isa = XCConfigurationList;
			buildConfigurations = (
				552B38A01F33A03F0041E89D /* Debug */,
				552B38A11F33A03F0041E89D /* Release */,
			);
			defaultConfigurationIsVisible = 0;
			defaultConfigurationName = Release;
		};
		552B38A21F33A03F0041E89D /* Build configuration list for PBXNativeTarget "War" */ = {
			isa = XCConfigurationList;
			buildConfigurations = (
				552B38A31F33A03F0041E89D /* Debug */,
				552B38A41F33A03F0041E89D /* Release */,
			);
			defaultConfigurationIsVisible = 0;
			defaultConfigurationName = Release;
		};
/* End XCConfigurationList section */
	};
	rootObject = 552B38881F33A03F0041E89D /* Project object */;
}
